github.com/aerospike/aerospike-client-go/v8 v8.2.0 h1:6w3X+w5LnmBvQ1X1m4zJH40IWgxZxfMfGhEZxuQlCYo=
github.com/aerospike/aerospike-client-go/v8 v8.2.0/go.mod h1:JmVOIqacquBd0ZjlZ5Dz6bRMSC3LrZCCNojZ/9NS4R0=
github.com/wadey/gocovmerge v0.0.0-20160331181800-b5bfa59ec0ad h1:W0LEBv82YCGEtcmPA3uNZBI33/qF//HAAs3MawDjRa0=
github.com/wadey/gocovmerge v0.0.0-20160331181800-b5bfa59ec0ad/go.mod h1:Hy8o65+MXnS6EwGElrSRjUzQDLXreJlzYLlWiHtt8hM=
github.com/yuin/gopher-lua v1.1.1 h1:kYKnWBjvbNP4XLT3+bPEwAXJx262OhaHDWDVOPjL46M=
github.com/yuin/gopher-lua v1.1.1/go.mod h1:GBR0iDaNXjAgGg9zfCvksxSRnQx76gclCIb7kdAd1Pw=
golang.org/x/sync v0.13.0 h1:AauUjRAJ9OSnvULf/ARrrVywoJDy0YS2AwQ98I37610=
golang.org/x/sync v0.13.0/go.mod h1:1dzgHSNfp02xaA81J2MS99Qcpr2w7fw1gpm99rleRqA=
golang.org/x/tools v0.32.0 h1:Q7N1vhpkQv7ybVzLFtTjvQya2ewbwNDZzUgfXGqtMWU=
golang.org/x/tools v0.32.0/go.mod h1:ZxrU41P/wAbZD8EDa6dDCa6XfpkhJ7HFMjHJXfBDu8s=
